// !$*UTF8*$!
{
	archiveVersion = 1;
	classes = {
	};
	objectVersion = 56;
	objects = {

/* Begin PBXBuildFile section */
		5ECC61FB2A825E9A00798F1D /* informationApp.swift in Sources */ = {isa = PBXBuildFile; fileRef = 5ECC61FA2A825E9A00798F1D /* informationApp.swift */; };
		5ECC61FD2A825E9A00798F1D /* ContentView.swift in Sources */ = {isa = PBXBuildFile; fileRef = 5ECC61FC2A825E9A00798F1D /* ContentView.swift */; };
		5ECC61FF2A825E9B00798F1D /* Assets.xcassets in Resources */ = {isa = PBXBuildFile; fileRef = 5ECC61FE2A825E9B00798F1D /* Assets.xcassets */; };
		5ECC62022A825E9B00798F1D /* Preview Assets.xcassets in Resources */ = {isa = PBXBuildFile; fileRef = 5ECC62012A825E9B00798F1D /* Preview Assets.xcassets */; };
		5ECC620B2A82671F00798F1D /* newspageView.swift in Sources */ = {isa = PBXBuildFile; fileRef = 5ECC620A2A82671F00798F1D /* newspageView.swift */; };
		5ECC62112A82ADBE00798F1D /* userprofileView.swift in Sources */ = {isa = PBXBuildFile; fileRef = 5ECC62102A82ADBE00798F1D /* userprofileView.swift */; };
		5ECC62132A82AF4100798F1D /* menu.swift in Sources */ = {isa = PBXBuildFile; fileRef = 5ECC62122A82AF4100798F1D /* menu.swift */; };
/* End PBXBuildFile section */

/* Begin PBXFileReference section */
		5ECC61F72A825E9A00798F1D /* information.app */ = {isa = PBXFileReference; explicitFileType = wrapper.application; includeInIndex = 0; path = information.app; sourceTree = BUILT_PRODUCTS_DIR; };
		5ECC61FA2A825E9A00798F1D /* informationApp.swift */ = {isa = PBXFileReference; lastKnownFileType = sourcecode.swift; path = informationApp.swift; sourceTree = "<group>"; };
		5ECC61FC2A825E9A00798F1D /* ContentView.swift */ = {isa = PBXFileReference; lastKnownFileType = sourcecode.swift; path = ContentView.swift; sourceTree = "<group>"; };
		5ECC61FE2A825E9B00798F1D /* Assets.xcassets */ = {isa = PBXFileReference; lastKnownFileType = folder.assetcatalog; path = Assets.xcassets; sourceTree = "<group>"; };
		5ECC62012A825E9B00798F1D /* Preview Assets.xcassets */ = {isa = PBXFileReference; lastKnownFileType = folder.assetcatalog; path = "Preview Assets.xcassets"; sourceTree = "<group>"; };
		5ECC620A2A82671F00798F1D /* newspageView.swift */ = {isa = PBXFileReference; lastKnownFileType = sourcecode.swift; path = newspageView.swift; sourceTree = "<group>"; };
		5ECC62102A82ADBE00798F1D /* userprofileView.swift */ = {isa = PBXFileReference; lastKnownFileType = sourcecode.swift; path = userprofileView.swift; sourceTree = "<group>"; };
		5ECC62122A82AF4100798F1D /* menu.swift */ = {isa = PBXFileReference; lastKnownFileType = sourcecode.swift; path = menu.swift; sourceTree = "<group>"; };
/* End PBXFileReference section */

/* Begin PBXFrameworksBuildPhase section */
		5ECC61F42A825E9A00798F1D /* Frameworks */ = {
			isa = PBXFrameworksBuildPhase;
			buildActionMask = 2147483647;
			files = (
			);
			runOnlyForDeploymentPostprocessing = 0;
		};
/* End PBXFrameworksBuildPhase section */

/* Begin PBXGroup section */
		5ECC61EE2A825E9A00798F1D = {
			isa = PBXGroup;
			children = (
				5ECC61F92A825E9A00798F1D /* information */,
				5ECC61F82A825E9A00798F1D /* Products */,
			);
			sourceTree = "<group>";
		};
		5ECC61F82A825E9A00798F1D /* Products */ = {
			isa = PBXGroup;
			children = (
				5ECC61F72A825E9A00798F1D /* information.app */,
			);
			name = Products;
			sourceTree = "<group>";
		};
		5ECC61F92A825E9A00798F1D /* information */ = {
			isa = PBXGroup;
			children = (
				5ECC61FA2A825E9A00798F1D /* informationApp.swift */,
				5ECC61FC2A825E9A00798F1D /* ContentView.swift */,
				5ECC620A2A82671F00798F1D /* newspageView.swift */,
				5ECC62122A82AF4100798F1D /* menu.swift */,
				5ECC62102A82ADBE00798F1D /* userprofileView.swift */,
				5ECC61FE2A825E9B00798F1D /* Assets.xcassets */,
				5ECC62002A825E9B00798F1D /* Preview Content */,
			);
			path = information;
			sourceTree = "<group>";
		};
		5ECC62002A825E9B00798F1D /* Preview Content */ = {
			isa = PBXGroup;
			children = (
				5ECC62012A825E9B00798F1D /* Preview Assets.xcassets */,
			);
			path = "Preview Content";
			sourceTree = "<group>";
		};
/* End PBXGroup section */

/* Begin PBXNativeTarget section */
		5ECC61F62A825E9A00798F1D /* information */ = {
			isa = PBXNativeTarget;
			buildConfigurationList = 5ECC62052A825E9B00798F1D /* Build configuration list for PBXNativeTarget "information" */;
			buildPhases = (
				5ECC61F32A825E9A00798F1D /* Sources */,
				5ECC61F42A825E9A00798F1D /* Frameworks */,
				5ECC61F52A825E9A00798F1D /* Resources */,
			);
			buildRules = (
			);
			dependencies = (
			);
			name = information;
			productName = information;
			productReference = 5ECC61F72A825E9A00798F1D /* information.app */;
			productType = "com.apple.product-type.application";
		};
/* End PBXNativeTarget section */

/* Begin PBXProject section */
		5ECC61EF2A825E9A00798F1D /* Project object */ = {
			isa = PBXProject;
			attributes = {
				BuildIndependentTargetsInParallel = 1;
				LastSwiftUpdateCheck = 1430;
				LastUpgradeCheck = 1430;
				TargetAttributes = {
					5ECC61F62A825E9A00798F1D = {
						CreatedOnToolsVersion = 14.3.1;
					};
				};
			};
			buildConfigurationList = 5ECC61F22A825E9A00798F1D /* Build configuration list for PBXProject "information" */;
			compatibilityVersion = "Xcode 14.0";
			developmentRegion = en;
			hasScannedForEncodings = 0;
			knownRegions = (
				en,
				Base,
			);
			mainGroup = 5ECC61EE2A825E9A00798F1D;
			productRefGroup = 5ECC61F82A825E9A00798F1D /* Products */;
			projectDirPath = "";
			projectRoot = "";
			targets = (
				5ECC61F62A825E9A00798F1D /* information */,
			);
		};
/* End PBXProject section */

/* Begin PBXResourcesBuildPhase section */
		5ECC61F52A825E9A00798F1D /* Resources */ = {
			isa = PBXResourcesBuildPhase;
			buildActionMask = 2147483647;
			files = (
				5ECC62022A825E9B00798F1D /* Preview Assets.xcassets in Resources */,
				5ECC61FF2A825E9B00798F1D /* Assets.xcassets in Resources */,
			);
			runOnlyForDeploymentPostprocessing = 0;
		};
/* End PBXResourcesBuildPhase section */

/* Begin PBXSourcesBuildPhase section */
		5ECC61F32A825E9A00798F1D /* Sources */ = {
			isa = PBXSourcesBuildPhase;
			buildActionMask = 2147483647;
			files = (
				5ECC62132A82AF4100798F1D /* menu.swift in Sources */,
				5ECC61FD2A825E9A00798F1D /* ContentView.swift in Sources */,
				5ECC620B2A82671F00798F1D /* newspageView.swift in Sources */,
				5ECC61FB2A825E9A00798F1D /* informationApp.swift in Sources */,
				5ECC62112A82ADBE00798F1D /* userprofileView.swift in Sources */,
			);
			runOnlyForDeploymentPostprocessing = 0;
		};
/* End PBXSourcesBuildPhase section */

/* Begin XCBuildConfiguration section */
		5ECC62032A825E9B00798F1D /* Debug */ = {
			isa = XCBuildConfiguration;
			buildSettings = {
				ALWAYS_SEARCH_USER_PATHS = NO;
				CLANG_ANALYZER_NONNULL = YES;
				CLANG_ANALYZER_NUMBER_OBJECT_CONVERSION = YES_AGGRESSIVE;
				CLANG_CXX_LANGUAGE_STANDARD = "gnu++20";
				CLANG_ENABLE_MODULES = YES;
				CLANG_ENABLE_OBJC_ARC = YES;
				CLANG_ENABLE_OBJC_WEAK = YES;
				CLANG_WARN_BLOCK_CAPTURE_AUTORELEASING = YES;
				CLANG_WARN_BOOL_CONVERSION = YES;
				CLANG_WARN_COMMA = YES;
				CLANG_WARN_CONSTANT_CONVERSION = YES;
				CLANG_WARN_DEPRECATED_OBJC_IMPLEMENTATIONS = YES;
				CLANG_WARN_DIRECT_OBJC_ISA_USAGE = YES_ERROR;
				CLANG_WARN_DOCUMENTATION_COMMENTS = YES;
				CLANG_WARN_EMPTY_BODY = YES;
				CLANG_WARN_ENUM_CONVERSION = YES;
				CLANG_WARN_INFINITE_RECURSION = YES;
				CLANG_WARN_INT_CONVERSION = YES;
				CLANG_WARN_NON_LITERAL_NULL_CONVERSION = YES;
				CLANG_WARN_OBJC_IMPLICIT_RETAIN_SELF = YES;
				CLANG_WARN_OBJC_LITERAL_CONVERSION = YES;
				CLANG_WARN_OBJC_ROOT_CLASS = YES_ERROR;
				CLANG_WARN_QUOTED_INCLUDE_IN_FRAMEWORK_HEADER = YES;
				CLANG_WARN_RANGE_LOOP_ANALYSIS = YES;
				CLANG_WARN_STRICT_PROTOTYPES = YES;
				CLANG_WARN_SUSPICIOUS_MOVE = YES;
				CLANG_WARN_UNGUARDED_AVAILABILITY = YES_AGGRESSIVE;
				CLANG_WARN_UNREACHABLE_CODE = YES;
				CLANG_WARN__DUPLICATE_METHOD_MATCH = YES;
				COPY_PHASE_STRIP = NO;
				DEBUG_INFORMATION_FORMAT = dwarf;
				ENABLE_STRICT_OBJC_MSGSEND = YES;
				ENABLE_TESTABILITY = YES;
				GCC_C_LANGUAGE_STANDARD = gnu11;
				GCC_DYNAMIC_NO_PIC = NO;
				GCC_NO_COMMON_BLOCKS = YES;
				GCC_OPTIMIZATION_LEVEL = 0;
				GCC_PREPROCESSOR_DEFINITIONS = (
					"DEBUG=1",
					"$(inherited)",
				);
				GCC_WARN_64_TO_32_BIT_CONVERSION = YES;
				GCC_WARN_ABOUT_RETURN_TYPE = YES_ERROR;
				GCC_WARN_UNDECLARED_SELECTOR = YES;
				GCC_WARN_UNINITIALIZED_AUTOS = YES_AGGRESSIVE;
				GCC_WARN_UNUSED_FUNCTION = YES;
				GCC_WARN_UNUSED_VARIABLE = YES;
				IPHONEOS_DEPLOYMENT_TARGET = 16.4;
				MTL_ENABLE_DEBUG_INFO = INCLUDE_SOURCE;
				MTL_FAST_MATH = YES;
				ONLY_ACTIVE_ARCH = YES;
				SDKROOT = iphoneos;
				SWIFT_ACTIVE_COMPILATION_CONDITIONS = DEBUG;
				SWIFT_OPTIMIZATION_LEVEL = "-Onone";
			};
			name = Debug;
		};
		5ECC62042A825E9B00798F1D /* Release */ = {
			isa = XCBuildConfiguration;
			buildSettings = {
				ALWAYS_SEARCH_USER_PATHS = NO;
				CLANG_ANALYZER_NONNULL = YES;
				CLANG_ANALYZER_NUMBER_OBJECT_CONVERSION = YES_AGGRESSIVE;
				CLANG_CXX_LANGUAGE_STANDARD = "gnu++20";
				CLANG_ENABLE_MODULES = YES;
				CLANG_ENABLE_OBJC_ARC = YES;
				CLANG_ENABLE_OBJC_WEAK = YES;
				CLANG_WARN_BLOCK_CAPTURE_AUTORELEASING = YES;
				CLANG_WARN_BOOL_CONVERSION = YES;
				CLANG_WARN_COMMA = YES;
				CLANG_WARN_CONSTANT_CONVERSION = YES;
				CLANG_WARN_DEPRECATED_OBJC_IMPLEMENTATIONS = YES;
				CLANG_WARN_DIRECT_OBJC_ISA_USAGE = YES_ERROR;
				CLANG_WARN_DOCUMENTATION_COMMENTS = YES;
				CLANG_WARN_EMPTY_BODY = YES;
				CLANG_WARN_ENUM_CONVERSION = YES;
				CLANG_WARN_INFINITE_RECURSION = YES;
				CLANG_WARN_INT_CONVERSION = YES;
				CLANG_WARN_NON_LITERAL_NULL_CONVERSION = YES;
				CLANG_WARN_OBJC_IMPLICIT_RETAIN_SELF = YES;
				CLANG_WARN_OBJC_LITERAL_CONVERSION = YES;
				CLANG_WARN_OBJC_ROOT_CLASS = YES_ERROR;
				CLANG_WARN_QUOTED_INCLUDE_IN_FRAMEWORK_HEADER = YES;
				CLANG_WARN_RANGE_LOOP_ANALYSIS = YES;
				CLANG_WARN_STRICT_PROTOTYPES = YES;
				CLANG_WARN_SUSPICIOUS_MOVE = YES;
				CLANG_WARN_UNGUARDED_AVAILABILITY = YES_AGGRESSIVE;
				CLANG_WARN_UNREACHABLE_CODE = YES;
				CLANG_WARN__DUPLICATE_METHOD_MATCH = YES;
				COPY_PHASE_STRIP = NO;
				DEBUG_INFORMATION_FORMAT = "dwarf-with-dsym";
				ENABLE_NS_ASSERTIONS = NO;
				ENABLE_STRICT_OBJC_MSGSEND = YES;
				GCC_C_LANGUAGE_STANDARD = gnu11;
				GCC_NO_COMMON_BLOCKS = YES;
				GCC_WARN_64_TO_32_BIT_CONVERSION = YES;
				GCC_WARN_ABOUT_RETURN_TYPE = YES_ERROR;
				GCC_WARN_UNDECLARED_SELECTOR = YES;
				GCC_WARN_UNINITIALIZED_AUTOS = YES_AGGRESSIVE;
				GCC_WARN_UNUSED_FUNCTION = YES;
				GCC_WARN_UNUSED_VARIABLE = YES;
				IPHONEOS_DEPLOYMENT_TARGET = 16.4;
				MTL_ENABLE_DEBUG_INFO = NO;
				MTL_FAST_MATH = YES;
				SDKROOT = iphoneos;
				SWIFT_COMPILATION_MODE = wholemodule;
				SWIFT_OPTIMIZATION_LEVEL = "-O";
				VALIDATE_PRODUCT = YES;
			};
			name = Release;
		};
		5ECC62062A825E9B00798F1D /* Debug */ = {
			isa = XCBuildConfiguration;
			buildSettings = {
				ASSETCATALOG_COMPILER_APPICON_NAME = AppIcon;
				ASSETCATALOG_COMPILER_GLOBAL_ACCENT_COLOR_NAME = AccentColor;
				CODE_SIGN_STYLE = Automatic;
				CURRENT_PROJECT_VERSION = 1;
				DEVELOPMENT_ASSET_PATHS = "\"information/Preview Content\"";
				DEVELOPMENT_TEAM = 6RCD6BT6GT;
				ENABLE_PREVIEWS = YES;
				GENERATE_INFOPLIST_FILE = YES;
				INFOPLIST_KEY_UIApplicationSceneManifest_Generation = YES;
				INFOPLIST_KEY_UIApplicationSupportsIndirectInputEvents = YES;
				INFOPLIST_KEY_UILaunchScreen_Generation = YES;
				INFOPLIST_KEY_UISupportedInterfaceOrientations_iPad = "UIInterfaceOrientationPortrait UIInterfaceOrientationPortraitUpsideDown UIInterfaceOrientationLandscapeLeft UIInterfaceOrientationLandscapeRight";
				INFOPLIST_KEY_UISupportedInterfaceOrientations_iPhone = "UIInterfaceOrientationPortrait UIInterfaceOrientationLandscapeLeft UIInterfaceOrientationLandscapeRight";
				LD_RUNPATH_SEARCH_PATHS = (
					"$(inherited)",
					"@executable_path/Frameworks",
				);
				MARKETING_VERSION = 1.0;
				PRODUCT_BUNDLE_IDENTIFIER = quatibi.information;
				PRODUCT_NAME = "$(TARGET_NAME)";
				SWIFT_EMIT_LOC_STRINGS = YES;
				SWIFT_VERSION = 5.0;
				TARGETED_DEVICE_FAMILY = "1,2";
			};
			name = Debug;
		};
		5ECC62072A825E9B00798F1D /* Release */ = {
			isa = XCBuildConfiguration;
			buildSettings = {
				ASSETCATALOG_COMPILER_APPICON_NAME = AppIcon;
				ASSETCATALOG_COMPILER_GLOBAL_ACCENT_COLOR_NAME = AccentColor;
				CODE_SIGN_STYLE = Automatic;
				CURRENT_PROJECT_VERSION = 1;
				DEVELOPMENT_ASSET_PATHS = "\"information/Preview Content\"";
				DEVELOPMENT_TEAM = 6RCD6BT6GT;
				ENABLE_PREVIEWS = YES;
				GENERATE_INFOPLIST_FILE = YES;
				INFOPLIST_KEY_UIApplicationSceneManifest_Generation = YES;
				INFOPLIST_KEY_UIApplicationSupportsIndirectInputEvents = YES;
				INFOPLIST_KEY_UILaunchScreen_Generation = YES;
				INFOPLIST_KEY_UISupportedInterfaceOrientations_iPad = "UIInterfaceOrientationPortrait UIInterfaceOrientationPortraitUpsideDown UIInterfaceOrientationLandscapeLeft UIInterfaceOrientationLandscapeRight";
				INFOPLIST_KEY_UISupportedInterfaceOrientations_iPhone = "UIInterfaceOrientationPortrait UIInterfaceOrientationLandscapeLeft UIInterfaceOrientationLandscapeRight";
				LD_RUNPATH_SEARCH_PATHS = (
					"$(inherited)",
					"@executable_path/Frameworks",
				);
				MARKETING_VERSION = 1.0;
				PRODUCT_BUNDLE_IDENTIFIER = quatibi.information;
				PRODUCT_NAME = "$(TARGET_NAME)";
				SWIFT_EMIT_LOC_STRINGS = YES;
				SWIFT_VERSION = 5.0;
				TARGETED_DEVICE_FAMILY = "1,2";
			};
			name = Release;
		};
/* End XCBuildConfiguration section */

/* Begin XCConfigurationList section */
		5ECC61F22A825E9A00798F1D /* Build configuration list for PBXProject "information" */ = {
			isa = XCConfigurationList;
			buildConfigurations = (
				5ECC62032A825E9B00798F1D /* Debug */,
				5ECC62042A825E9B00798F1D /* Release */,
			);
			defaultConfigurationIsVisible = 0;
			defaultConfigurationName = Release;
		};
		5ECC62052A825E9B00798F1D /* Build configuration list for PBXNativeTarget "information" */ = {
			isa = XCConfigurationList;
			buildConfigurations = (
				5ECC62062A825E9B00798F1D /* Debug */,
				5ECC62072A825E9B00798F1D /* Release */,
			);
			defaultConfigurationIsVisible = 0;
			defaultConfigurationName = Release;
		};
/* End XCConfigurationList section */
	};
	rootObject = 5ECC61EF2A825E9A00798F1D /* Project object */;
}
